
Microsoft Visual Studio Solution File, Format Version 12.00
# Visual Studio Version 16
VisualStudioVersion = 16.0.30014.187
MinimumVisualStudioVersion = 10.0.40219.1
Project("{FAE04EC0-301F-11D3-BF4B-00C04F79EFBC}") = "BigO", "BigO\BigO.csproj", "{D974508A-12F7-4BF9-ABD6-5EEA284B6C3D}"
EndProject
Global
	GlobalSection(SolutionConfigurationPlatforms) = preSolution
		Debug|Any CPU = Debug|Any CPU
		Release|Any CPU = Release|Any CPU
	EndGlobalSection
	GlobalSection(ProjectConfigurationPlatforms) = postSolution
		{D974508A-12F7-4BF9-ABD6-5EEA284B6C3D}.Debug|Any CPU.ActiveCfg = Debug|Any CPU
		{D974508A-12F7-4BF9-ABD6-5EEA284B6C3D}.Debug|Any CPU.Build.0 = Debug|Any CPU
		{D974508A-12F7-4BF9-ABD6-5EEA284B6C3D}.Release|Any CPU.ActiveCfg = Release|Any CPU
		{D974508A-12F7-4BF9-ABD6-5EEA284B6C3D}.Release|Any CPU.Build.0 = Release|Any CPU
	EndGlobalSection
	GlobalSection(SolutionProperties) = preSolution
		HideSolutionNode = FALSE
	EndGlobalSection
	GlobalSection(ExtensibilityGlobals) = postSolution
		SolutionGuid = {86F8F500-81AF-4A8B-B2C1-645DE36D01C6}
	EndGlobalSection
EndGlobal
